{
  "name": "capacitor-healthkit",
  "version": "0.1.5",
  "lockfileVersion": 1,
  "requires": true,
  "dependencies": {
    "@capacitor/core": {
      "version": "2.4.5",
      "resolved": "https://registry.npmjs.org/@capacitor/core/-/core-2.4.5.tgz",
      "integrity": "sha512-3GfDAN3s8ajglbn0X6wS+1mtmLwtaBNyvrje3qZ7mzRGVOMWLlOL+n2EeA9IlhMyp8KbQFwXr7gKUk6DjMAKUQ==",
      "requires": {
        "tslib": "^1.9.0"
      }
    },
    "@capacitor/ios": {
      "version": "2.4.5",
      "resolved": "https://registry.npmjs.org/@capacitor/ios/-/ios-2.4.5.tgz",
      "integrity": "sha512-x4NRTvEB1Tjohhglm9tUgZLcH5rKfMvZBbR0CAScKu2UweWO4dAtfD2OlS75UZMXBU86SyUMcbcJKEl4bkdx6A==",
      "dev": true
    },
    "tslib": {
      "version": "1.14.1",
      "resolved": "https://registry.npmjs.org/tslib/-/tslib-1.14.1.tgz",
      "integrity": "sha512-Xni35NKzjgMrwevysHTCArtLDpPvye8zV/0E4EyYn43P7/7qvQwPh9BGkHewbMulVntbigmcT7rdX3BNo9wRJg=="
    },
    "typescript": {
      "version": "3.7.5",
      "resolved": "https://registry.npmjs.org/typescript/-/typescript-3.7.5.tgz",
      "integrity": "sha512-/P5lkRXkWHNAbcJIiHPfRoKqyd7bsyCma1hZNUGfn20qm64T6ZBlrzprymeu918H+mB/0rIg2gGK/BXkhhYgBw==",
      "dev": true
    }
  }
}
