{
  "name": "capacitor-healthkit",
  "version": "0.2.0",
  "lockfileVersion": 2,
  "requires": true,
  "packages": {
    "": {
      "version": "0.2.0",
      "license": "MIT",
      "dependencies": {
        "@capacitor/core": "latest"
      },
      "devDependencies": {
        "@capacitor/ios": "latest",
        "typescript": "^3.2.4"
      }
    },
    "node_modules/@capacitor/core": {
      "version": "2.4.2",
      "resolved": "https://registry.npmjs.org/@capacitor/core/-/core-2.4.2.tgz",
      "integrity": "sha512-xQyJSZo50+aAvX3ZsX5h2xJDjz1LQxGT0A6/qD1pqJVEUeDhzdfYMbxCPWbmqSONZXddHtwrTiIsjq1Wd+ukuQ==",
      "dependencies": {
        "tslib": "^1.9.0"
      }
    },
    "node_modules/@capacitor/ios": {
      "version": "2.4.2",
      "resolved": "https://registry.npmjs.org/@capacitor/ios/-/ios-2.4.2.tgz",
      "integrity": "sha512-DqfDBrbaVKV2nkjMF7uL58G5QbJHoQVu/qdw/Uh5QSVkHqsY0lBKyi5nxhH3+cqBBMl+oGNB9EMBHovRVdR0EQ==",
      "dev": true
    },
    "node_modules/tslib": {
      "version": "1.14.1",
      "resolved": "https://registry.npmjs.org/tslib/-/tslib-1.14.1.tgz",
      "integrity": "sha512-Xni35NKzjgMrwevysHTCArtLDpPvye8zV/0E4EyYn43P7/7qvQwPh9BGkHewbMulVntbigmcT7rdX3BNo9wRJg=="
    },
    "node_modules/typescript": {
      "version": "3.7.5",
      "resolved": "https://registry.npmjs.org/typescript/-/typescript-3.7.5.tgz",
      "integrity": "sha512-/P5lkRXkWHNAbcJIiHPfRoKqyd7bsyCma1hZNUGfn20qm64T6ZBlrzprymeu918H+mB/0rIg2gGK/BXkhhYgBw==",
      "dev": true,
      "bin": {
        "tsc": "bin/tsc",
        "tsserver": "bin/tsserver"
      },
      "engines": {
        "node": ">=4.2.0"
      }
    }
  },
  "dependencies": {
    "@capacitor/core": {
      "version": "2.4.2",
      "resolved": "https://registry.npmjs.org/@capacitor/core/-/core-2.4.2.tgz",
      "integrity": "sha512-xQyJSZo50+aAvX3ZsX5h2xJDjz1LQxGT0A6/qD1pqJVEUeDhzdfYMbxCPWbmqSONZXddHtwrTiIsjq1Wd+ukuQ==",
      "requires": {
        "tslib": "^1.9.0"
      }
    },
    "@capacitor/ios": {
      "version": "2.4.2",
      "resolved": "https://registry.npmjs.org/@capacitor/ios/-/ios-2.4.2.tgz",
      "integrity": "sha512-DqfDBrbaVKV2nkjMF7uL58G5QbJHoQVu/qdw/Uh5QSVkHqsY0lBKyi5nxhH3+cqBBMl+oGNB9EMBHovRVdR0EQ==",
      "dev": true
    },
    "tslib": {
      "version": "1.14.1",
      "resolved": "https://registry.npmjs.org/tslib/-/tslib-1.14.1.tgz",
      "integrity": "sha512-Xni35NKzjgMrwevysHTCArtLDpPvye8zV/0E4EyYn43P7/7qvQwPh9BGkHewbMulVntbigmcT7rdX3BNo9wRJg=="
    },
    "typescript": {
      "version": "3.7.5",
      "resolved": "https://registry.npmjs.org/typescript/-/typescript-3.7.5.tgz",
      "integrity": "sha512-/P5lkRXkWHNAbcJIiHPfRoKqyd7bsyCma1hZNUGfn20qm64T6ZBlrzprymeu918H+mB/0rIg2gGK/BXkhhYgBw==",
      "dev": true
    }
  }
}
